
Microsoft Visual Studio Solution File, Format Version 12.00
# Visual Studio Version 17
VisualStudioVersion = 17.11.35208.52
MinimumVisualStudioVersion = 10.0.40219.1
Project("{FAE04EC0-301F-11D3-BF4B-00C04F79EFBC}") = "FlashCard", "FlashCard.csproj", "{FFB29C1B-393E-406C-ACF7-0DFCC1B44369}"
EndProject
Global
	GlobalSection(SolutionConfigurationPlatforms) = preSolution
		Debug|Any CPU = Debug|Any CPU
		Release|Any CPU = Release|Any CPU
	EndGlobalSection
	GlobalSection(ProjectConfigurationPlatforms) = postSolution
		{FFB29C1B-393E-406C-ACF7-0DFCC1B44369}.Debug|Any CPU.ActiveCfg = Debug|Any CPU
		{FFB29C1B-393E-406C-ACF7-0DFCC1B44369}.Debug|Any CPU.Build.0 = Debug|Any CPU
		{FFB29C1B-393E-406C-ACF7-0DFCC1B44369}.Release|Any CPU.ActiveCfg = Release|Any CPU
		{FFB29C1B-393E-406C-ACF7-0DFCC1B44369}.Release|Any CPU.Build.0 = Release|Any CPU
	EndGlobalSection
	GlobalSection(SolutionProperties) = preSolution
		HideSolutionNode = FALSE
	EndGlobalSection
	GlobalSection(ExtensibilityGlobals) = postSolution
		SolutionGuid = {FC84022F-E9AE-469E-AE7E-04685CDBB3A7}
	EndGlobalSection
EndGlobal
